
Microsoft Visual Studio Solution File, Format Version 12.00
# Visual Studio 15
Project("{FAE04EC0-301F-11D3-BF4B-00C04F79EFBC}") = "Assembly-CSharp", "Assembly-CSharp.csproj", "{40DF7137-6F6C-E6FE-C821-C12B281382EA}"
EndProject
Project("{FAE04EC0-301F-11D3-BF4B-00C04F79EFBC}") = "Assembly-CSharp-Editor", "Assembly-CSharp-Editor.csproj", "{CB533E5A-EB67-C8B6-6587-414766E12083}"
EndProject
Global
	GlobalSection(SolutionConfigurationPlatforms) = preSolution
		Debug|Any CPU = Debug|Any CPU
		Release|Any CPU = Release|Any CPU
	EndGlobalSection
	GlobalSection(ProjectConfigurationPlatforms) = postSolution
		{40DF7137-6F6C-E6FE-C821-C12B281382EA}.Debug|Any CPU.ActiveCfg = Debug|Any CPU
		{40DF7137-6F6C-E6FE-C821-C12B281382EA}.Debug|Any CPU.Build.0 = Debug|Any CPU
		{40DF7137-6F6C-E6FE-C821-C12B281382EA}.Release|Any CPU.ActiveCfg = Release|Any CPU
		{40DF7137-6F6C-E6FE-C821-C12B281382EA}.Release|Any CPU.Build.0 = Release|Any CPU
		{CB533E5A-EB67-C8B6-6587-414766E12083}.Debug|Any CPU.ActiveCfg = Debug|Any CPU
		{CB533E5A-EB67-C8B6-6587-414766E12083}.Debug|Any CPU.Build.0 = Debug|Any CPU
		{CB533E5A-EB67-C8B6-6587-414766E12083}.Release|Any CPU.ActiveCfg = Release|Any CPU
		{CB533E5A-EB67-C8B6-6587-414766E12083}.Release|Any CPU.Build.0 = Release|Any CPU
	EndGlobalSection
	GlobalSection(SolutionProperties) = preSolution
		HideSolutionNode = FALSE
	EndGlobalSection
EndGlobal
